// !$*UTF8*$!
{
	archiveVersion = 1;
	classes = {
	};
	objectVersion = 46;
	objects = {

/* Begin PBXBuildFile section */
		0DB0546D9A37818720678906C6EFAF4E /* Foundation.framework in Frameworks */ = {isa = PBXBuildFile; fileRef = 57221B54D014471C3D3E1925EFC917C8 /* Foundation.framework */; };
		1CF8288F21123B5061FA04119942B0B2 /* BenedicteSDK-umbrella.h in Headers */ = {isa = PBXBuildFile; fileRef = 1781B9A6523A5F4DEF69194EE87BAFDF /* BenedicteSDK-umbrella.h */; settings = {ATTRIBUTES = (Public, ); }; };
		1F84FE646CD1D7BAFFB58C243277AFF8 /* FBSnapshotTestCase-umbrella.h in Headers */ = {isa = PBXBuildFile; fileRef = 8E5923010B02074CAA9AAF6EA02D66AA /* FBSnapshotTestCase-umbrella.h */; settings = {ATTRIBUTES = (Public, ); }; };
		2930798EC15CBCEA744427B86C7E3BDA /* BenedicteSDK-dummy.m in Sources */ = {isa = PBXBuildFile; fileRef = 587AB97B70E63984FC1CCC6D53378F4C /* BenedicteSDK-dummy.m */; };
		2975A09730FD83DC0897129A11EA6585 /* SwiftSupport.swift in Sources */ = {isa = PBXBuildFile; fileRef = 3F0D66CF296ABBC57EC4D0452397E235 /* SwiftSupport.swift */; };
		2B88C28DD20CBFA7B3AEB21A365197FE /* FBSnapshotTestController.h in Headers */ = {isa = PBXBuildFile; fileRef = AE9FF9459FBCDC4AF88FB6B5A4CC1439 /* FBSnapshotTestController.h */; settings = {ATTRIBUTES = (Public, ); }; };
		2CB61F6FA511CAACB43A50DC3A82E0DD /* UIImage+Snapshot.m in Sources */ = {isa = PBXBuildFile; fileRef = D872A3EE224412D4057C234FBC629F9C /* UIImage+Snapshot.m */; };
		2ECCAC52EF4C74E1032E0BC646BBE5B9 /* Foundation.framework in Frameworks */ = {isa = PBXBuildFile; fileRef = 57221B54D014471C3D3E1925EFC917C8 /* Foundation.framework */; };
		30D475DF57C0C682A723231E7BCA0D14 /* FBSnapshotTestCasePlatform.m in Sources */ = {isa = PBXBuildFile; fileRef = 6ABB3EB3CCC5BCA82F40FE8DC87BB778 /* FBSnapshotTestCasePlatform.m */; };
		373413256658309F9053CE22BF62077E /* UIImage+Snapshot.h in Headers */ = {isa = PBXBuildFile; fileRef = 284833D18C244D2B42966B6EE425AA59 /* UIImage+Snapshot.h */; settings = {ATTRIBUTES = (Private, ); }; };
		411797DC94B27ADD17771695D36AADF4 /* Pods-BenedicteSDK_Example-umbrella.h in Headers */ = {isa = PBXBuildFile; fileRef = 06AFBD9B7C451621AD673CA2628B8092 /* Pods-BenedicteSDK_Example-umbrella.h */; settings = {ATTRIBUTES = (Public, ); }; };
		53649085FF31BB8F3D3CFB9556BAA275 /* Pods-BenedicteSDK_Tests-dummy.m in Sources */ = {isa = PBXBuildFile; fileRef = C8157549A4E9BA5D2210E3016F8E9125 /* Pods-BenedicteSDK_Tests-dummy.m */; };
		5558B876B579BC1E79BD3D2B19148329 /* UIApplication+StrictKeyWindow.h in Headers */ = {isa = PBXBuildFile; fileRef = 99A67367E018411D614EC8536A8A1C5B /* UIApplication+StrictKeyWindow.h */; settings = {ATTRIBUTES = (Project, ); }; };
		5BE525FF6FA14B999ED2CCC0AA4FA0CF /* FBSnapshotTestCase-dummy.m in Sources */ = {isa = PBXBuildFile; fileRef = 1ADA6E655DC84D06359BD0ED5E36C783 /* FBSnapshotTestCase-dummy.m */; };
		640CCE9C3A28AA3CA15510899F9140EE /* FBSnapshotTestCasePlatform.h in Headers */ = {isa = PBXBuildFile; fileRef = 88B1DEEBF6316A84D7413645212492FF /* FBSnapshotTestCasePlatform.h */; settings = {ATTRIBUTES = (Public, ); }; };
		67F1963AA7C9EDB78127AD5F566A4949 /* UIImage+Diff.h in Headers */ = {isa = PBXBuildFile; fileRef = 96187BF3038121CC146335E9FF0B0AFF /* UIImage+Diff.h */; settings = {ATTRIBUTES = (Private, ); }; };
		74339C58AC4E5631FB8C0E662668A796 /* UIApplication+StrictKeyWindow.m in Sources */ = {isa = PBXBuildFile; fileRef = 0F538C426803AE34255FC6E35B408CCA /* UIApplication+StrictKeyWindow.m */; };
		7C67CBD15D9B5D0B7769B2F469478332 /* FBSnapshotTestCase.m in Sources */ = {isa = PBXBuildFile; fileRef = 277B6BE10C665F515606A22FD60C6DCC /* FBSnapshotTestCase.m */; };
		875A310EAF4D0C136C3FFFF5E0335BE4 /* UIKit.framework in Frameworks */ = {isa = PBXBuildFile; fileRef = 1DA24A38BA9EE106B59E3D4C8DD1CE0E /* UIKit.framework */; };
		8AE19756F0126FE92AF625E36F3D70FE /* UIImage+Compare.h in Headers */ = {isa = PBXBuildFile; fileRef = 656116C8FA5458F45D4707110C9530EC /* UIImage+Compare.h */; settings = {ATTRIBUTES = (Private, ); }; };
		9D3C5E2F56838937146191468A893244 /* XCTest.framework in Frameworks */ = {isa = PBXBuildFile; fileRef = E658F388F01C72599CA75537950B6095 /* XCTest.framework */; };
		B52281F9F4340D4FC8ABB2FEB1FEC08E /* UIImage+Compare.m in Sources */ = {isa = PBXBuildFile; fileRef = 235A78CFFA6D8B8D86CACD733531CB13 /* UIImage+Compare.m */; };
		C390C6005353FB986CB52F474CEF8588 /* FBSnapshotTestController.m in Sources */ = {isa = PBXBuildFile; fileRef = 7E1B7EA746BF6557FD565BAE12AF9198 /* FBSnapshotTestController.m */; };
		C9F76407497DF0205D7460B36D22259F /* QuartzCore.framework in Frameworks */ = {isa = PBXBuildFile; fileRef = 3280BB5E7B57C31D41117A74F76E9DF3 /* QuartzCore.framework */; };
		CA54C09A12400567AFFCB407EEB7E154 /* UIImage+Diff.m in Sources */ = {isa = PBXBuildFile; fileRef = 4568279DE47DC3AB91598E1317503995 /* UIImage+Diff.m */; };
		CD3D8D8FFEB4E37CCA4466BE894DF624 /* Foundation.framework in Frameworks */ = {isa = PBXBuildFile; fileRef = 57221B54D014471C3D3E1925EFC917C8 /* Foundation.framework */; };
		DC042DDA9E377C6F32EAB1F1AFA157EE /* Pods-BenedicteSDK_Tests-umbrella.h in Headers */ = {isa = PBXBuildFile; fileRef = FBEDDB39480E41E6DAFE9033538C78F2 /* Pods-BenedicteSDK_Tests-umbrella.h */; settings = {ATTRIBUTES = (Public, ); }; };
		F22132DFE7F507A224341C31E0C9A796 /* Pods-BenedicteSDK_Example-dummy.m in Sources */ = {isa = PBXBuildFile; fileRef = 897A59ACB0E92EAB7EC989AB749863D1 /* Pods-BenedicteSDK_Example-dummy.m */; };
		F625B3A433BE79198F49BE451FAABDB6 /* Foundation.framework in Frameworks */ = {isa = PBXBuildFile; fileRef = 57221B54D014471C3D3E1925EFC917C8 /* Foundation.framework */; };
		FF8307B7346F4D3BA13C11AECFE6EDD0 /* FBSnapshotTestCase.h in Headers */ = {isa = PBXBuildFile; fileRef = FEE661E58CA6655B39AA49AA4C021C33 /* FBSnapshotTestCase.h */; settings = {ATTRIBUTES = (Public, ); }; };
/* End PBXBuildFile section */

/* Begin PBXContainerItemProxy section */
		1214DB3B19736D80CA15866CD295071F /* PBXContainerItemProxy */ = {
			isa = PBXContainerItemProxy;
			containerPortal = BFDFE7DC352907FC980B868725387E98 /* Project object */;
			proxyType = 1;
			remoteGlobalIDString = 2D6462B96D734CF91AAD5CB986F74E1C;
			remoteInfo = "Pods-BenedicteSDK_Example";
		};
		1652A9F0C1B5DD53E546BCD8911E38D7 /* PBXContainerItemProxy */ = {
			isa = PBXContainerItemProxy;
			containerPortal = BFDFE7DC352907FC980B868725387E98 /* Project object */;
			proxyType = 1;
			remoteGlobalIDString = 9A8253DC3FEC3EA21D6C32C5A5E056B9;
			remoteInfo = BenedicteSDK;
		};
		E4194B8BE9E39F5668D6E8B1F1F21587 /* PBXContainerItemProxy */ = {
			isa = PBXContainerItemProxy;
			containerPortal = BFDFE7DC352907FC980B868725387E98 /* Project object */;
			proxyType = 1;
			remoteGlobalIDString = 98A98149697C80CEF8D5772791E92E66;
			remoteInfo = FBSnapshotTestCase;
		};
/* End PBXContainerItemProxy section */

/* Begin PBXFileReference section */
		06AFBD9B7C451621AD673CA2628B8092 /* Pods-BenedicteSDK_Example-umbrella.h */ = {isa = PBXFileReference; includeInIndex = 1; lastKnownFileType = sourcecode.c.h; path = "Pods-BenedicteSDK_Example-umbrella.h"; sourceTree = "<group>"; };
		09FFA507595BA927FDE23F96CA743C6C /* LICENSE */ = {isa = PBXFileReference; includeInIndex = 1; lastKnownFileType = text; path = LICENSE; sourceTree = "<group>"; };
		0F538C426803AE34255FC6E35B408CCA /* UIApplication+StrictKeyWindow.m */ = {isa = PBXFileReference; includeInIndex = 1; lastKnownFileType = sourcecode.c.objc; name = "UIApplication+StrictKeyWindow.m"; path = "FBSnapshotTestCase/Categories/UIApplication+StrictKeyWindow.m"; sourceTree = "<group>"; };
		13038C3CE785749F3B89B1E0E2DF5B9D /* Pods-BenedicteSDK_Example */ = {isa = PBXFileReference; explicitFileType = wrapper.framework; includeInIndex = 0; name = "Pods-BenedicteSDK_Example"; path = Pods_BenedicteSDK_Example.framework; sourceTree = BUILT_PRODUCTS_DIR; };
		1781B9A6523A5F4DEF69194EE87BAFDF /* BenedicteSDK-umbrella.h */ = {isa = PBXFileReference; includeInIndex = 1; lastKnownFileType = sourcecode.c.h; path = "BenedicteSDK-umbrella.h"; sourceTree = "<group>"; };
		193B5E9AC18B11EAAD09D1B6BBC4CF04 /* Pods-BenedicteSDK_Tests-frameworks.sh */ = {isa = PBXFileReference; includeInIndex = 1; lastKnownFileType = text.script.sh; path = "Pods-BenedicteSDK_Tests-frameworks.sh"; sourceTree = "<group>"; };
		1ADA6E655DC84D06359BD0ED5E36C783 /* FBSnapshotTestCase-dummy.m */ = {isa = PBXFileReference; includeInIndex = 1; lastKnownFileType = sourcecode.c.objc; path = "FBSnapshotTestCase-dummy.m"; sourceTree = "<group>"; };
		1DA24A38BA9EE106B59E3D4C8DD1CE0E /* UIKit.framework */ = {isa = PBXFileReference; lastKnownFileType = wrapper.framework; name = UIKit.framework; path = Platforms/iPhoneOS.platform/Developer/SDKs/iPhoneOS14.0.sdk/System/Library/Frameworks/UIKit.framework; sourceTree = DEVELOPER_DIR; };
		235A78CFFA6D8B8D86CACD733531CB13 /* UIImage+Compare.m */ = {isa = PBXFileReference; includeInIndex = 1; lastKnownFileType = sourcecode.c.objc; name = "UIImage+Compare.m"; path = "FBSnapshotTestCase/Categories/UIImage+Compare.m"; sourceTree = "<group>"; };
		277B6BE10C665F515606A22FD60C6DCC /* FBSnapshotTestCase.m */ = {isa = PBXFileReference; includeInIndex = 1; lastKnownFileType = sourcecode.c.objc; name = FBSnapshotTestCase.m; path = FBSnapshotTestCase/FBSnapshotTestCase.m; sourceTree = "<group>"; };
		284833D18C244D2B42966B6EE425AA59 /* UIImage+Snapshot.h */ = {isa = PBXFileReference; includeInIndex = 1; lastKnownFileType = sourcecode.c.h; name = "UIImage+Snapshot.h"; path = "FBSnapshotTestCase/Categories/UIImage+Snapshot.h"; sourceTree = "<group>"; };
		2C6748452996599900F45A5E /* Model */ = {isa = PBXFileReference; lastKnownFileType = folder; name = Model; path = BenedicteSDK/Classes/Model; sourceTree = "<group>"; };
		2C6748462996599900F45A5E /* Helper */ = {isa = PBXFileReference; lastKnownFileType = folder; name = Helper; path = BenedicteSDK/Classes/Helper; sourceTree = "<group>"; };
		2C6748472996599900F45A5E /* Service */ = {isa = PBXFileReference; lastKnownFileType = folder; name = Service; path = BenedicteSDK/Classes/Service; sourceTree = "<group>"; };
		2C6748482996599900F45A5E /* Manager */ = {isa = PBXFileReference; lastKnownFileType = folder; name = Manager; path = BenedicteSDK/Classes/Manager; sourceTree = "<group>"; };
		2C6748492996599900F45A5E /* Decodable */ = {isa = PBXFileReference; lastKnownFileType = folder; name = Decodable; path = BenedicteSDK/Classes/Decodable; sourceTree = "<group>"; };
		3280BB5E7B57C31D41117A74F76E9DF3 /* QuartzCore.framework */ = {isa = PBXFileReference; lastKnownFileType = wrapper.framework; name = QuartzCore.framework; path = Platforms/iPhoneOS.platform/Developer/SDKs/iPhoneOS14.0.sdk/System/Library/Frameworks/QuartzCore.framework; sourceTree = DEVELOPER_DIR; };
		380FA33ED70154A306A18F222A3C3519 /* Pods-BenedicteSDK_Example-acknowledgements.plist */ = {isa = PBXFileReference; includeInIndex = 1; lastKnownFileType = text.plist.xml; path = "Pods-BenedicteSDK_Example-acknowledgements.plist"; sourceTree = "<group>"; };
		3F0D66CF296ABBC57EC4D0452397E235 /* SwiftSupport.swift */ = {isa = PBXFileReference; includeInIndex = 1; lastKnownFileType = sourcecode.swift; name = SwiftSupport.swift; path = FBSnapshotTestCase/SwiftSupport.swift; sourceTree = "<group>"; };
		44CDB2B271AEAE0761254B2E4B39E54E /* Pods-BenedicteSDK_Tests */ = {isa = PBXFileReference; explicitFileType = wrapper.framework; includeInIndex = 0; name = "Pods-BenedicteSDK_Tests"; path = Pods_BenedicteSDK_Tests.framework; sourceTree = BUILT_PRODUCTS_DIR; };
		4568279DE47DC3AB91598E1317503995 /* UIImage+Diff.m */ = {isa = PBXFileReference; includeInIndex = 1; lastKnownFileType = sourcecode.c.objc; name = "UIImage+Diff.m"; path = "FBSnapshotTestCase/Categories/UIImage+Diff.m"; sourceTree = "<group>"; };
		49651E3D553D3299A20BA3DBB6DDEFBD /* Pods-BenedicteSDK_Example-frameworks.sh */ = {isa = PBXFileReference; includeInIndex = 1; lastKnownFileType = text.script.sh; path = "Pods-BenedicteSDK_Example-frameworks.sh"; sourceTree = "<group>"; };
		4C6513B09838318BD763CFD5390D1DE0 /* FBSnapshotTestCase.release.xcconfig */ = {isa = PBXFileReference; includeInIndex = 1; lastKnownFileType = text.xcconfig; path = FBSnapshotTestCase.release.xcconfig; sourceTree = "<group>"; };
		4D812A6D758C5ADC00E96BC04CE4D409 /* Pods-BenedicteSDK_Tests-Info.plist */ = {isa = PBXFileReference; includeInIndex = 1; lastKnownFileType = text.plist.xml; path = "Pods-BenedicteSDK_Tests-Info.plist"; sourceTree = "<group>"; };
		508A09D67E39652219524FC736CE17C2 /* Pods-BenedicteSDK_Example-acknowledgements.markdown */ = {isa = PBXFileReference; includeInIndex = 1; lastKnownFileType = text; path = "Pods-BenedicteSDK_Example-acknowledgements.markdown"; sourceTree = "<group>"; };
		57221B54D014471C3D3E1925EFC917C8 /* Foundation.framework */ = {isa = PBXFileReference; lastKnownFileType = wrapper.framework; name = Foundation.framework; path = Platforms/iPhoneOS.platform/Developer/SDKs/iPhoneOS14.0.sdk/System/Library/Frameworks/Foundation.framework; sourceTree = DEVELOPER_DIR; };
		587AB97B70E63984FC1CCC6D53378F4C /* BenedicteSDK-dummy.m */ = {isa = PBXFileReference; includeInIndex = 1; lastKnownFileType = sourcecode.c.objc; path = "BenedicteSDK-dummy.m"; sourceTree = "<group>"; };
		5C4F31330DFA99D699E4BDC8C3573D73 /* FBSnapshotTestCase */ = {isa = PBXFileReference; explicitFileType = wrapper.framework; includeInIndex = 0; name = FBSnapshotTestCase; path = FBSnapshotTestCase.framework; sourceTree = BUILT_PRODUCTS_DIR; };
		656116C8FA5458F45D4707110C9530EC /* UIImage+Compare.h */ = {isa = PBXFileReference; includeInIndex = 1; lastKnownFileType = sourcecode.c.h; name = "UIImage+Compare.h"; path = "FBSnapshotTestCase/Categories/UIImage+Compare.h"; sourceTree = "<group>"; };
		6A76F9B35477FF5CE25F797776167605 /* README.md */ = {isa = PBXFileReference; includeInIndex = 1; lastKnownFileType = net.daringfireball.markdown; path = README.md; sourceTree = "<group>"; };
		6ABB3EB3CCC5BCA82F40FE8DC87BB778 /* FBSnapshotTestCasePlatform.m */ = {isa = PBXFileReference; includeInIndex = 1; lastKnownFileType = sourcecode.c.objc; name = FBSnapshotTestCasePlatform.m; path = FBSnapshotTestCase/FBSnapshotTestCasePlatform.m; sourceTree = "<group>"; };
		6D9F66C9B5DED0D1963214ED47BB2A33 /* BenedicteSDK-prefix.pch */ = {isa = PBXFileReference; includeInIndex = 1; lastKnownFileType = sourcecode.c.h; path = "BenedicteSDK-prefix.pch"; sourceTree = "<group>"; };
		71CE6D8996AFFC3A6EC8F7C2A2F328A6 /* Pods-BenedicteSDK_Example.debug.xcconfig */ = {isa = PBXFileReference; includeInIndex = 1; lastKnownFileType = text.xcconfig; path = "Pods-BenedicteSDK_Example.debug.xcconfig"; sourceTree = "<group>"; };
		77D42D689326BD4A77E2E6D19F6F053A /* Pods-BenedicteSDK_Tests.debug.xcconfig */ = {isa = PBXFileReference; includeInIndex = 1; lastKnownFileType = text.xcconfig; path = "Pods-BenedicteSDK_Tests.debug.xcconfig"; sourceTree = "<group>"; };
		7E1B7EA746BF6557FD565BAE12AF9198 /* FBSnapshotTestController.m */ = {isa = PBXFileReference; includeInIndex = 1; lastKnownFileType = sourcecode.c.objc; name = FBSnapshotTestController.m; path = FBSnapshotTestCase/FBSnapshotTestController.m; sourceTree = "<group>"; };
		80C7A9F95B8E1F894BC6F140651D0C4B /* Pods-BenedicteSDK_Example.release.xcconfig */ = {isa = PBXFileReference; includeInIndex = 1; lastKnownFileType = text.xcconfig; path = "Pods-BenedicteSDK_Example.release.xcconfig"; sourceTree = "<group>"; };
		84FEE9FA92C0A8B817425CB2AFCEA485 /* BenedicteSDK.modulemap */ = {isa = PBXFileReference; includeInIndex = 1; lastKnownFileType = sourcecode.module; path = BenedicteSDK.modulemap; sourceTree = "<group>"; };
		88B1DEEBF6316A84D7413645212492FF /* FBSnapshotTestCasePlatform.h */ = {isa = PBXFileReference; includeInIndex = 1; lastKnownFileType = sourcecode.c.h; name = FBSnapshotTestCasePlatform.h; path = FBSnapshotTestCase/FBSnapshotTestCasePlatform.h; sourceTree = "<group>"; };
		897A59ACB0E92EAB7EC989AB749863D1 /* Pods-BenedicteSDK_Example-dummy.m */ = {isa = PBXFileReference; includeInIndex = 1; lastKnownFileType = sourcecode.c.objc; path = "Pods-BenedicteSDK_Example-dummy.m"; sourceTree = "<group>"; };
		8E5923010B02074CAA9AAF6EA02D66AA /* FBSnapshotTestCase-umbrella.h */ = {isa = PBXFileReference; includeInIndex = 1; lastKnownFileType = sourcecode.c.h; path = "FBSnapshotTestCase-umbrella.h"; sourceTree = "<group>"; };
		9468E867498BBAF36F9AFFE4845F8B09 /* FBSnapshotTestCase.debug.xcconfig */ = {isa = PBXFileReference; includeInIndex = 1; lastKnownFileType = text.xcconfig; path = FBSnapshotTestCase.debug.xcconfig; sourceTree = "<group>"; };
		96187BF3038121CC146335E9FF0B0AFF /* UIImage+Diff.h */ = {isa = PBXFileReference; includeInIndex = 1; lastKnownFileType = sourcecode.c.h; name = "UIImage+Diff.h"; path = "FBSnapshotTestCase/Categories/UIImage+Diff.h"; sourceTree = "<group>"; };
		99A67367E018411D614EC8536A8A1C5B /* UIApplication+StrictKeyWindow.h */ = {isa = PBXFileReference; includeInIndex = 1; lastKnownFileType = sourcecode.c.h; name = "UIApplication+StrictKeyWindow.h"; path = "FBSnapshotTestCase/Categories/UIApplication+StrictKeyWindow.h"; sourceTree = "<group>"; };
		9D940727FF8FB9C785EB98E56350EF41 /* Podfile */ = {isa = PBXFileReference; explicitFileType = text.script.ruby; includeInIndex = 1; indentWidth = 2; name = Podfile; path = ../Podfile; sourceTree = SOURCE_ROOT; tabWidth = 2; xcLanguageSpecificationIdentifier = xcode.lang.ruby; };
		A439FAB5226F3E2BF34B4E5AD39A0815 /* Pods-BenedicteSDK_Example.modulemap */ = {isa = PBXFileReference; includeInIndex = 1; lastKnownFileType = sourcecode.module; path = "Pods-BenedicteSDK_Example.modulemap"; sourceTree = "<group>"; };
		AE9FF9459FBCDC4AF88FB6B5A4CC1439 /* FBSnapshotTestController.h */ = {isa = PBXFileReference; includeInIndex = 1; lastKnownFileType = sourcecode.c.h; name = FBSnapshotTestController.h; path = FBSnapshotTestCase/FBSnapshotTestController.h; sourceTree = "<group>"; };
		B7103CA00AED20722C5B69CA5B4F6938 /* FBSnapshotTestCase-Info.plist */ = {isa = PBXFileReference; includeInIndex = 1; lastKnownFileType = text.plist.xml; path = "FBSnapshotTestCase-Info.plist"; sourceTree = "<group>"; };
		BD75C032A964BDA37E8D6458FD02AB60 /* Pods-BenedicteSDK_Example-Info.plist */ = {isa = PBXFileReference; includeInIndex = 1; lastKnownFileType = text.plist.xml; path = "Pods-BenedicteSDK_Example-Info.plist"; sourceTree = "<group>"; };
		C8157549A4E9BA5D2210E3016F8E9125 /* Pods-BenedicteSDK_Tests-dummy.m */ = {isa = PBXFileReference; includeInIndex = 1; lastKnownFileType = sourcecode.c.objc; path = "Pods-BenedicteSDK_Tests-dummy.m"; sourceTree = "<group>"; };
		CBFF6C5FD9C3A84274A9314D3E940B6E /* FBSnapshotTestCase.modulemap */ = {isa = PBXFileReference; includeInIndex = 1; lastKnownFileType = sourcecode.module; path = FBSnapshotTestCase.modulemap; sourceTree = "<group>"; };
		CDACB71EA510B6CF9964E510CF3F13BF /* BenedicteSDK.podspec */ = {isa = PBXFileReference; explicitFileType = text.script.ruby; includeInIndex = 1; indentWidth = 2; path = BenedicteSDK.podspec; sourceTree = "<group>"; tabWidth = 2; xcLanguageSpecificationIdentifier = xcode.lang.ruby; };
		CF13434E4B6BA4F18E3F416F089EC9FD /* BenedicteSDK */ = {isa = PBXFileReference; explicitFileType = wrapper.framework; includeInIndex = 0; name = BenedicteSDK; path = BenedicteSDK.framework; sourceTree = BUILT_PRODUCTS_DIR; };
		D08CEBB9BDD9EF7A662ECFC0305C169E /* FBSnapshotTestCase-prefix.pch */ = {isa = PBXFileReference; includeInIndex = 1; lastKnownFileType = sourcecode.c.h; path = "FBSnapshotTestCase-prefix.pch"; sourceTree = "<group>"; };
		D872A3EE224412D4057C234FBC629F9C /* UIImage+Snapshot.m */ = {isa = PBXFileReference; includeInIndex = 1; lastKnownFileType = sourcecode.c.objc; name = "UIImage+Snapshot.m"; path = "FBSnapshotTestCase/Categories/UIImage+Snapshot.m"; sourceTree = "<group>"; };
		E202731A0184F3581CAB76DFCA41CFA7 /* BenedicteSDK.debug.xcconfig */ = {isa = PBXFileReference; includeInIndex = 1; lastKnownFileType = text.xcconfig; path = BenedicteSDK.debug.xcconfig; sourceTree = "<group>"; };
		E3A37580F601633A39F3D4774541A025 /* Pods-BenedicteSDK_Tests-acknowledgements.markdown */ = {isa = PBXFileReference; includeInIndex = 1; lastKnownFileType = text; path = "Pods-BenedicteSDK_Tests-acknowledgements.markdown"; sourceTree = "<group>"; };
		E658F388F01C72599CA75537950B6095 /* XCTest.framework */ = {isa = PBXFileReference; lastKnownFileType = wrapper.framework; name = XCTest.framework; path = Platforms/iPhoneOS.platform/Developer/SDKs/iPhoneOS14.0.sdk/System/Library/Frameworks/XCTest.framework; sourceTree = DEVELOPER_DIR; };
		EA686D2DF59D806542A4FCA849FD5646 /* Pods-BenedicteSDK_Tests-acknowledgements.plist */ = {isa = PBXFileReference; includeInIndex = 1; lastKnownFileType = text.plist.xml; path = "Pods-BenedicteSDK_Tests-acknowledgements.plist"; sourceTree = "<group>"; };
		EC10DCF495B0701A8D3E3478E51B9D62 /* BenedicteSDK-Info.plist */ = {isa = PBXFileReference; includeInIndex = 1; lastKnownFileType = text.plist.xml; path = "BenedicteSDK-Info.plist"; sourceTree = "<group>"; };
		F4A670CC6DFEE5CAE05F33BFF6C65261 /* Pods-BenedicteSDK_Tests.release.xcconfig */ = {isa = PBXFileReference; includeInIndex = 1; lastKnownFileType = text.xcconfig; path = "Pods-BenedicteSDK_Tests.release.xcconfig"; sourceTree = "<group>"; };
		FBA435A862F0B1CDB0A42644BBF5D0AC /* BenedicteSDK.release.xcconfig */ = {isa = PBXFileReference; includeInIndex = 1; lastKnownFileType = text.xcconfig; path = BenedicteSDK.release.xcconfig; sourceTree = "<group>"; };
		FBEDDB39480E41E6DAFE9033538C78F2 /* Pods-BenedicteSDK_Tests-umbrella.h */ = {isa = PBXFileReference; includeInIndex = 1; lastKnownFileType = sourcecode.c.h; path = "Pods-BenedicteSDK_Tests-umbrella.h"; sourceTree = "<group>"; };
		FDCBCF313BDD8A680C779D7745DDD54A /* Pods-BenedicteSDK_Tests.modulemap */ = {isa = PBXFileReference; includeInIndex = 1; lastKnownFileType = sourcecode.module; path = "Pods-BenedicteSDK_Tests.modulemap"; sourceTree = "<group>"; };
		FEE661E58CA6655B39AA49AA4C021C33 /* FBSnapshotTestCase.h */ = {isa = PBXFileReference; includeInIndex = 1; lastKnownFileType = sourcecode.c.h; name = FBSnapshotTestCase.h; path = FBSnapshotTestCase/FBSnapshotTestCase.h; sourceTree = "<group>"; };
/* End PBXFileReference section */

/* Begin PBXFrameworksBuildPhase section */
		1AFD2BCE195497E904C4A5C0569C32C7 /* Frameworks */ = {
			isa = PBXFrameworksBuildPhase;
			buildActionMask = 2147483647;
			files = (
				0DB0546D9A37818720678906C6EFAF4E /* Foundation.framework in Frameworks */,
			);
			runOnlyForDeploymentPostprocessing = 0;
		};
		466B757FF5E949C1B620FEF0EB60370B /* Frameworks */ = {
			isa = PBXFrameworksBuildPhase;
			buildActionMask = 2147483647;
			files = (
				F625B3A433BE79198F49BE451FAABDB6 /* Foundation.framework in Frameworks */,
			);
			runOnlyForDeploymentPostprocessing = 0;
		};
		C23BAE9047501C2EA38E0FF5854354B4 /* Frameworks */ = {
			isa = PBXFrameworksBuildPhase;
			buildActionMask = 2147483647;
			files = (
				CD3D8D8FFEB4E37CCA4466BE894DF624 /* Foundation.framework in Frameworks */,
			);
			runOnlyForDeploymentPostprocessing = 0;
		};
		E3B880388FF17A336FBF90E30E537508 /* Frameworks */ = {
			isa = PBXFrameworksBuildPhase;
			buildActionMask = 2147483647;
			files = (
				2ECCAC52EF4C74E1032E0BC646BBE5B9 /* Foundation.framework in Frameworks */,
				C9F76407497DF0205D7460B36D22259F /* QuartzCore.framework in Frameworks */,
				875A310EAF4D0C136C3FFFF5E0335BE4 /* UIKit.framework in Frameworks */,
				9D3C5E2F56838937146191468A893244 /* XCTest.framework in Frameworks */,
			);
			runOnlyForDeploymentPostprocessing = 0;
		};
/* End PBXFrameworksBuildPhase section */

/* Begin PBXGroup section */
		332121DCFFA0108F2095E8DB9F862EFD /* Support Files */ = {
			isa = PBXGroup;
			children = (
				84FEE9FA92C0A8B817425CB2AFCEA485 /* BenedicteSDK.modulemap */,
				587AB97B70E63984FC1CCC6D53378F4C /* BenedicteSDK-dummy.m */,
				EC10DCF495B0701A8D3E3478E51B9D62 /* BenedicteSDK-Info.plist */,
				6D9F66C9B5DED0D1963214ED47BB2A33 /* BenedicteSDK-prefix.pch */,
				1781B9A6523A5F4DEF69194EE87BAFDF /* BenedicteSDK-umbrella.h */,
				E202731A0184F3581CAB76DFCA41CFA7 /* BenedicteSDK.debug.xcconfig */,
				FBA435A862F0B1CDB0A42644BBF5D0AC /* BenedicteSDK.release.xcconfig */,
			);
			name = "Support Files";
			path = "Example/Pods/Target Support Files/BenedicteSDK";
			sourceTree = "<group>";
		};
		4BA2479549DD918290454B1CDCD0B92B /* Core */ = {
			isa = PBXGroup;
			children = (
				FEE661E58CA6655B39AA49AA4C021C33 /* FBSnapshotTestCase.h */,
				277B6BE10C665F515606A22FD60C6DCC /* FBSnapshotTestCase.m */,
				88B1DEEBF6316A84D7413645212492FF /* FBSnapshotTestCasePlatform.h */,
				6ABB3EB3CCC5BCA82F40FE8DC87BB778 /* FBSnapshotTestCasePlatform.m */,
				AE9FF9459FBCDC4AF88FB6B5A4CC1439 /* FBSnapshotTestController.h */,
				7E1B7EA746BF6557FD565BAE12AF9198 /* FBSnapshotTestController.m */,
				99A67367E018411D614EC8536A8A1C5B /* UIApplication+StrictKeyWindow.h */,
				0F538C426803AE34255FC6E35B408CCA /* UIApplication+StrictKeyWindow.m */,
				656116C8FA5458F45D4707110C9530EC /* UIImage+Compare.h */,
				235A78CFFA6D8B8D86CACD733531CB13 /* UIImage+Compare.m */,
				96187BF3038121CC146335E9FF0B0AFF /* UIImage+Diff.h */,
				4568279DE47DC3AB91598E1317503995 /* UIImage+Diff.m */,
				284833D18C244D2B42966B6EE425AA59 /* UIImage+Snapshot.h */,
				D872A3EE224412D4057C234FBC629F9C /* UIImage+Snapshot.m */,
			);
			name = Core;
			sourceTree = "<group>";
		};
		504B912D132246BCE22214D9AA463992 /* Products */ = {
			isa = PBXGroup;
			children = (
				CF13434E4B6BA4F18E3F416F089EC9FD /* BenedicteSDK */,
				5C4F31330DFA99D699E4BDC8C3573D73 /* FBSnapshotTestCase */,
				13038C3CE785749F3B89B1E0E2DF5B9D /* Pods-BenedicteSDK_Example */,
				44CDB2B271AEAE0761254B2E4B39E54E /* Pods-BenedicteSDK_Tests */,
			);
			name = Products;
			sourceTree = "<group>";
		};
		6E4463878317DBB90A72C855B2DF16EE /* BenedicteSDK */ = {
			isa = PBXGroup;
			children = (
				91BD2937F99DB62FCA7F4C642CB11D51 /* Pod */,
				332121DCFFA0108F2095E8DB9F862EFD /* Support Files */,
			);
			name = BenedicteSDK;
			path = ../..;
			sourceTree = "<group>";
		};
		906402ECC4C6C5EB58DD365FD2C64E92 /* SwiftSupport */ = {
			isa = PBXGroup;
			children = (
				3F0D66CF296ABBC57EC4D0452397E235 /* SwiftSupport.swift */,
			);
			name = SwiftSupport;
			sourceTree = "<group>";
		};
		91BD2937F99DB62FCA7F4C642CB11D51 /* Pod */ = {
			isa = PBXGroup;
			children = (
				2C6748492996599900F45A5E /* Decodable */,
				2C6748462996599900F45A5E /* Helper */,
				2C6748482996599900F45A5E /* Manager */,
				2C6748452996599900F45A5E /* Model */,
				2C6748472996599900F45A5E /* Service */,
				CDACB71EA510B6CF9964E510CF3F13BF /* BenedicteSDK.podspec */,
				09FFA507595BA927FDE23F96CA743C6C /* LICENSE */,
				6A76F9B35477FF5CE25F797776167605 /* README.md */,
			);
			name = Pod;
			sourceTree = "<group>";
		};
		B69B2ECE2D2C9A3924A9231138CE0BBC /* Support Files */ = {
			isa = PBXGroup;
			children = (
				CBFF6C5FD9C3A84274A9314D3E940B6E /* FBSnapshotTestCase.modulemap */,
				1ADA6E655DC84D06359BD0ED5E36C783 /* FBSnapshotTestCase-dummy.m */,
				B7103CA00AED20722C5B69CA5B4F6938 /* FBSnapshotTestCase-Info.plist */,
				D08CEBB9BDD9EF7A662ECFC0305C169E /* FBSnapshotTestCase-prefix.pch */,
				8E5923010B02074CAA9AAF6EA02D66AA /* FBSnapshotTestCase-umbrella.h */,
				9468E867498BBAF36F9AFFE4845F8B09 /* FBSnapshotTestCase.debug.xcconfig */,
				4C6513B09838318BD763CFD5390D1DE0 /* FBSnapshotTestCase.release.xcconfig */,
			);
			name = "Support Files";
			path = "../Target Support Files/FBSnapshotTestCase";
			sourceTree = "<group>";
		};
		BA4F31F07263C99FC76E66D632A59F09 /* Frameworks */ = {
			isa = PBXGroup;
			children = (
				FB2668559AE577E6E8078C0C291AD417 /* iOS */,
			);
			name = Frameworks;
			sourceTree = "<group>";
		};
		BD2D60DE56CBB8C87BA07E0C1CCD0592 /* FBSnapshotTestCase */ = {
			isa = PBXGroup;
			children = (
				4BA2479549DD918290454B1CDCD0B92B /* Core */,
				B69B2ECE2D2C9A3924A9231138CE0BBC /* Support Files */,
				906402ECC4C6C5EB58DD365FD2C64E92 /* SwiftSupport */,
			);
			path = FBSnapshotTestCase;
			sourceTree = "<group>";
		};
		CF1408CF629C7361332E53B88F7BD30C = {
			isa = PBXGroup;
			children = (
				9D940727FF8FB9C785EB98E56350EF41 /* Podfile */,
				E9A81F06BCAD2859794A17DBA95501E1 /* Development Pods */,
				BA4F31F07263C99FC76E66D632A59F09 /* Frameworks */,
				E81A37DBDE41E671312C56736544E2FA /* Pods */,
				504B912D132246BCE22214D9AA463992 /* Products */,
				D3E277AB490E367E3A0BA225113E17CA /* Targets Support Files */,
			);
			sourceTree = "<group>";
		};
		D3E277AB490E367E3A0BA225113E17CA /* Targets Support Files */ = {
			isa = PBXGroup;
			children = (
				F766A0264F0A193650957F6CB2EC5555 /* Pods-BenedicteSDK_Example */,
				D9BF715E9459209BEC0618F95DFB641C /* Pods-BenedicteSDK_Tests */,
			);
			name = "Targets Support Files";
			sourceTree = "<group>";
		};
		D9BF715E9459209BEC0618F95DFB641C /* Pods-BenedicteSDK_Tests */ = {
			isa = PBXGroup;
			children = (
				FDCBCF313BDD8A680C779D7745DDD54A /* Pods-BenedicteSDK_Tests.modulemap */,
				E3A37580F601633A39F3D4774541A025 /* Pods-BenedicteSDK_Tests-acknowledgements.markdown */,
				EA686D2DF59D806542A4FCA849FD5646 /* Pods-BenedicteSDK_Tests-acknowledgements.plist */,
				C8157549A4E9BA5D2210E3016F8E9125 /* Pods-BenedicteSDK_Tests-dummy.m */,
				193B5E9AC18B11EAAD09D1B6BBC4CF04 /* Pods-BenedicteSDK_Tests-frameworks.sh */,
				4D812A6D758C5ADC00E96BC04CE4D409 /* Pods-BenedicteSDK_Tests-Info.plist */,
				FBEDDB39480E41E6DAFE9033538C78F2 /* Pods-BenedicteSDK_Tests-umbrella.h */,
				77D42D689326BD4A77E2E6D19F6F053A /* Pods-BenedicteSDK_Tests.debug.xcconfig */,
				F4A670CC6DFEE5CAE05F33BFF6C65261 /* Pods-BenedicteSDK_Tests.release.xcconfig */,
			);
			name = "Pods-BenedicteSDK_Tests";
			path = "Target Support Files/Pods-BenedicteSDK_Tests";
			sourceTree = "<group>";
		};
		E81A37DBDE41E671312C56736544E2FA /* Pods */ = {
			isa = PBXGroup;
			children = (
				BD2D60DE56CBB8C87BA07E0C1CCD0592 /* FBSnapshotTestCase */,
			);
			name = Pods;
			sourceTree = "<group>";
		};
		E9A81F06BCAD2859794A17DBA95501E1 /* Development Pods */ = {
			isa = PBXGroup;
			children = (
				6E4463878317DBB90A72C855B2DF16EE /* BenedicteSDK */,
			);
			name = "Development Pods";
			sourceTree = "<group>";
		};
		F766A0264F0A193650957F6CB2EC5555 /* Pods-BenedicteSDK_Example */ = {
			isa = PBXGroup;
			children = (
				A439FAB5226F3E2BF34B4E5AD39A0815 /* Pods-BenedicteSDK_Example.modulemap */,
				508A09D67E39652219524FC736CE17C2 /* Pods-BenedicteSDK_Example-acknowledgements.markdown */,
				380FA33ED70154A306A18F222A3C3519 /* Pods-BenedicteSDK_Example-acknowledgements.plist */,
				897A59ACB0E92EAB7EC989AB749863D1 /* Pods-BenedicteSDK_Example-dummy.m */,
				49651E3D553D3299A20BA3DBB6DDEFBD /* Pods-BenedicteSDK_Example-frameworks.sh */,
				BD75C032A964BDA37E8D6458FD02AB60 /* Pods-BenedicteSDK_Example-Info.plist */,
				06AFBD9B7C451621AD673CA2628B8092 /* Pods-BenedicteSDK_Example-umbrella.h */,
				71CE6D8996AFFC3A6EC8F7C2A2F328A6 /* Pods-BenedicteSDK_Example.debug.xcconfig */,
				80C7A9F95B8E1F894BC6F140651D0C4B /* Pods-BenedicteSDK_Example.release.xcconfig */,
			);
			name = "Pods-BenedicteSDK_Example";
			path = "Target Support Files/Pods-BenedicteSDK_Example";
			sourceTree = "<group>";
		};
		FB2668559AE577E6E8078C0C291AD417 /* iOS */ = {
			isa = PBXGroup;
			children = (
				57221B54D014471C3D3E1925EFC917C8 /* Foundation.framework */,
				3280BB5E7B57C31D41117A74F76E9DF3 /* QuartzCore.framework */,
				1DA24A38BA9EE106B59E3D4C8DD1CE0E /* UIKit.framework */,
				E658F388F01C72599CA75537950B6095 /* XCTest.framework */,
			);
			name = iOS;
			sourceTree = "<group>";
		};
/* End PBXGroup section */

/* Begin PBXHeadersBuildPhase section */
		67E67AA4D13E8D1096B9DD84E323D8A2 /* Headers */ = {
			isa = PBXHeadersBuildPhase;
			buildActionMask = 2147483647;
			files = (
				411797DC94B27ADD17771695D36AADF4 /* Pods-BenedicteSDK_Example-umbrella.h in Headers */,
			);
			runOnlyForDeploymentPostprocessing = 0;
		};
		7E306F4C7F8F89B27E31A6C49FAF375F /* Headers */ = {
			isa = PBXHeadersBuildPhase;
			buildActionMask = 2147483647;
			files = (
				1CF8288F21123B5061FA04119942B0B2 /* BenedicteSDK-umbrella.h in Headers */,
			);
			runOnlyForDeploymentPostprocessing = 0;
		};
		D4CF7A53AFE8275DDE075747E8245F97 /* Headers */ = {
			isa = PBXHeadersBuildPhase;
			buildActionMask = 2147483647;
			files = (
				FF8307B7346F4D3BA13C11AECFE6EDD0 /* FBSnapshotTestCase.h in Headers */,
				1F84FE646CD1D7BAFFB58C243277AFF8 /* FBSnapshotTestCase-umbrella.h in Headers */,
				640CCE9C3A28AA3CA15510899F9140EE /* FBSnapshotTestCasePlatform.h in Headers */,
				2B88C28DD20CBFA7B3AEB21A365197FE /* FBSnapshotTestController.h in Headers */,
				5558B876B579BC1E79BD3D2B19148329 /* UIApplication+StrictKeyWindow.h in Headers */,
				8AE19756F0126FE92AF625E36F3D70FE /* UIImage+Compare.h in Headers */,
				67F1963AA7C9EDB78127AD5F566A4949 /* UIImage+Diff.h in Headers */,
				373413256658309F9053CE22BF62077E /* UIImage+Snapshot.h in Headers */,
			);
			runOnlyForDeploymentPostprocessing = 0;
		};
		EC52BDAF0DE0B233DA426786510A0B15 /* Headers */ = {
			isa = PBXHeadersBuildPhase;
			buildActionMask = 2147483647;
			files = (
				DC042DDA9E377C6F32EAB1F1AFA157EE /* Pods-BenedicteSDK_Tests-umbrella.h in Headers */,
			);
			runOnlyForDeploymentPostprocessing = 0;
		};
/* End PBXHeadersBuildPhase section */

/* Begin PBXNativeTarget section */
		2D6462B96D734CF91AAD5CB986F74E1C /* Pods-BenedicteSDK_Example */ = {
			isa = PBXNativeTarget;
			buildConfigurationList = CBCCA65916209D457A4069185DC6FF08 /* Build configuration list for PBXNativeTarget "Pods-BenedicteSDK_Example" */;
			buildPhases = (
				67E67AA4D13E8D1096B9DD84E323D8A2 /* Headers */,
				23CE6127908D9922775427B0A98A9694 /* Sources */,
				1AFD2BCE195497E904C4A5C0569C32C7 /* Frameworks */,
				F9626B36943A9723E38B0FD7BF2E4689 /* Resources */,
			);
			buildRules = (
			);
			dependencies = (
				DFCF9A4DD02B5F6E5DA49F422B2EC0D4 /* PBXTargetDependency */,
			);
			name = "Pods-BenedicteSDK_Example";
			productName = Pods_BenedicteSDK_Example;
			productReference = 13038C3CE785749F3B89B1E0E2DF5B9D /* Pods-BenedicteSDK_Example */;
			productType = "com.apple.product-type.framework";
		};
		56F61723E45070B9A02FDB4C2B4BE1F0 /* Pods-BenedicteSDK_Tests */ = {
			isa = PBXNativeTarget;
			buildConfigurationList = C3F8785BA5B2CE9169420415C607D735 /* Build configuration list for PBXNativeTarget "Pods-BenedicteSDK_Tests" */;
			buildPhases = (
				EC52BDAF0DE0B233DA426786510A0B15 /* Headers */,
				0728980C03C34F27EFE422DF98D57B2E /* Sources */,
				466B757FF5E949C1B620FEF0EB60370B /* Frameworks */,
				693ABA0B2C47327DC47F62D25B2EFA7E /* Resources */,
			);
			buildRules = (
			);
			dependencies = (
				89AF359DE0757824F11FF3A325C26552 /* PBXTargetDependency */,
				E24EDBA35EAD8CA1D7CFF4792E97F874 /* PBXTargetDependency */,
			);
			name = "Pods-BenedicteSDK_Tests";
			productName = Pods_BenedicteSDK_Tests;
			productReference = 44CDB2B271AEAE0761254B2E4B39E54E /* Pods-BenedicteSDK_Tests */;
			productType = "com.apple.product-type.framework";
		};
		98A98149697C80CEF8D5772791E92E66 /* FBSnapshotTestCase */ = {
			isa = PBXNativeTarget;
			buildConfigurationList = 28DAA9880679133EC375B7072B9AEABB /* Build configuration list for PBXNativeTarget "FBSnapshotTestCase" */;
			buildPhases = (
				D4CF7A53AFE8275DDE075747E8245F97 /* Headers */,
				EE210BFC37CDBA0645C09C3819F41723 /* Sources */,
				E3B880388FF17A336FBF90E30E537508 /* Frameworks */,
				194C9DCC4899F62F4FB7DDF15C987499 /* Resources */,
			);
			buildRules = (
			);
			dependencies = (
			);
			name = FBSnapshotTestCase;
			productName = FBSnapshotTestCase;
			productReference = 5C4F31330DFA99D699E4BDC8C3573D73 /* FBSnapshotTestCase */;
			productType = "com.apple.product-type.framework";
		};
		9A8253DC3FEC3EA21D6C32C5A5E056B9 /* BenedicteSDK */ = {
			isa = PBXNativeTarget;
			buildConfigurationList = 55370A10FCE89EF357B0976C6E8CE358 /* Build configuration list for PBXNativeTarget "BenedicteSDK" */;
			buildPhases = (
				7E306F4C7F8F89B27E31A6C49FAF375F /* Headers */,
				EFB5C592D200C952226506023394A73D /* Sources */,
				C23BAE9047501C2EA38E0FF5854354B4 /* Frameworks */,
				1B379A4942E54040DA191B64FB5B6FD0 /* Resources */,
			);
			buildRules = (
			);
			dependencies = (
			);
			name = BenedicteSDK;
			productName = BenedicteSDK;
			productReference = CF13434E4B6BA4F18E3F416F089EC9FD /* BenedicteSDK */;
			productType = "com.apple.product-type.framework";
		};
/* End PBXNativeTarget section */

/* Begin PBXProject section */
		BFDFE7DC352907FC980B868725387E98 /* Project object */ = {
			isa = PBXProject;
			attributes = {
				LastSwiftUpdateCheck = 1240;
				LastUpgradeCheck = 1240;
			};
			buildConfigurationList = 4821239608C13582E20E6DA73FD5F1F9 /* Build configuration list for PBXProject "Pods" */;
			compatibilityVersion = "Xcode 3.2";
			developmentRegion = en;
			hasScannedForEncodings = 0;
			knownRegions = (
				Base,
				en,
			);
			mainGroup = CF1408CF629C7361332E53B88F7BD30C;
			productRefGroup = 504B912D132246BCE22214D9AA463992 /* Products */;
			projectDirPath = "";
			projectRoot = "";
			targets = (
				9A8253DC3FEC3EA21D6C32C5A5E056B9 /* BenedicteSDK */,
				98A98149697C80CEF8D5772791E92E66 /* FBSnapshotTestCase */,
				2D6462B96D734CF91AAD5CB986F74E1C /* Pods-BenedicteSDK_Example */,
				56F61723E45070B9A02FDB4C2B4BE1F0 /* Pods-BenedicteSDK_Tests */,
			);
		};
/* End PBXProject section */

/* Begin PBXResourcesBuildPhase section */
		194C9DCC4899F62F4FB7DDF15C987499 /* Resources */ = {
			isa = PBXResourcesBuildPhase;
			buildActionMask = 2147483647;
			files = (
			);
			runOnlyForDeploymentPostprocessing = 0;
		};
		1B379A4942E54040DA191B64FB5B6FD0 /* Resources */ = {
			isa = PBXResourcesBuildPhase;
			buildActionMask = 2147483647;
			files = (
			);
			runOnlyForDeploymentPostprocessing = 0;
		};
		693ABA0B2C47327DC47F62D25B2EFA7E /* Resources */ = {
			isa = PBXResourcesBuildPhase;
			buildActionMask = 2147483647;
			files = (
			);
			runOnlyForDeploymentPostprocessing = 0;
		};
		F9626B36943A9723E38B0FD7BF2E4689 /* Resources */ = {
			isa = PBXResourcesBuildPhase;
			buildActionMask = 2147483647;
			files = (
			);
			runOnlyForDeploymentPostprocessing = 0;
		};
/* End PBXResourcesBuildPhase section */

/* Begin PBXSourcesBuildPhase section */
		0728980C03C34F27EFE422DF98D57B2E /* Sources */ = {
			isa = PBXSourcesBuildPhase;
			buildActionMask = 2147483647;
			files = (
				53649085FF31BB8F3D3CFB9556BAA275 /* Pods-BenedicteSDK_Tests-dummy.m in Sources */,
			);
			runOnlyForDeploymentPostprocessing = 0;
		};
		23CE6127908D9922775427B0A98A9694 /* Sources */ = {
			isa = PBXSourcesBuildPhase;
			buildActionMask = 2147483647;
			files = (
				F22132DFE7F507A224341C31E0C9A796 /* Pods-BenedicteSDK_Example-dummy.m in Sources */,
			);
			runOnlyForDeploymentPostprocessing = 0;
		};
		EE210BFC37CDBA0645C09C3819F41723 /* Sources */ = {
			isa = PBXSourcesBuildPhase;
			buildActionMask = 2147483647;
			files = (
				7C67CBD15D9B5D0B7769B2F469478332 /* FBSnapshotTestCase.m in Sources */,
				5BE525FF6FA14B999ED2CCC0AA4FA0CF /* FBSnapshotTestCase-dummy.m in Sources */,
				30D475DF57C0C682A723231E7BCA0D14 /* FBSnapshotTestCasePlatform.m in Sources */,
				C390C6005353FB986CB52F474CEF8588 /* FBSnapshotTestController.m in Sources */,
				2975A09730FD83DC0897129A11EA6585 /* SwiftSupport.swift in Sources */,
				74339C58AC4E5631FB8C0E662668A796 /* UIApplication+StrictKeyWindow.m in Sources */,
				B52281F9F4340D4FC8ABB2FEB1FEC08E /* UIImage+Compare.m in Sources */,
				CA54C09A12400567AFFCB407EEB7E154 /* UIImage+Diff.m in Sources */,
				2CB61F6FA511CAACB43A50DC3A82E0DD /* UIImage+Snapshot.m in Sources */,
			);
			runOnlyForDeploymentPostprocessing = 0;
		};
		EFB5C592D200C952226506023394A73D /* Sources */ = {
			isa = PBXSourcesBuildPhase;
			buildActionMask = 2147483647;
			files = (
				2930798EC15CBCEA744427B86C7E3BDA /* BenedicteSDK-dummy.m in Sources */,
			);
			runOnlyForDeploymentPostprocessing = 0;
		};
/* End PBXSourcesBuildPhase section */

/* Begin PBXTargetDependency section */
		89AF359DE0757824F11FF3A325C26552 /* PBXTargetDependency */ = {
			isa = PBXTargetDependency;
			name = FBSnapshotTestCase;
			target = 98A98149697C80CEF8D5772791E92E66 /* FBSnapshotTestCase */;
			targetProxy = E4194B8BE9E39F5668D6E8B1F1F21587 /* PBXContainerItemProxy */;
		};
		DFCF9A4DD02B5F6E5DA49F422B2EC0D4 /* PBXTargetDependency */ = {
			isa = PBXTargetDependency;
			name = BenedicteSDK;
			target = 9A8253DC3FEC3EA21D6C32C5A5E056B9 /* BenedicteSDK */;
			targetProxy = 1652A9F0C1B5DD53E546BCD8911E38D7 /* PBXContainerItemProxy */;
		};
		E24EDBA35EAD8CA1D7CFF4792E97F874 /* PBXTargetDependency */ = {
			isa = PBXTargetDependency;
			name = "Pods-BenedicteSDK_Example";
			target = 2D6462B96D734CF91AAD5CB986F74E1C /* Pods-BenedicteSDK_Example */;
			targetProxy = 1214DB3B19736D80CA15866CD295071F /* PBXContainerItemProxy */;
		};
/* End PBXTargetDependency section */

/* Begin XCBuildConfiguration section */
		0CF977E736A9F0297ED689DCD07C3E1C /* Release */ = {
			isa = XCBuildConfiguration;
			baseConfigurationReference = 4C6513B09838318BD763CFD5390D1DE0 /* FBSnapshotTestCase.release.xcconfig */;
			buildSettings = {
				"CODE_SIGN_IDENTITY[sdk=appletvos*]" = "";
				"CODE_SIGN_IDENTITY[sdk=iphoneos*]" = "";
				"CODE_SIGN_IDENTITY[sdk=watchos*]" = "";
				CURRENT_PROJECT_VERSION = 1;
				DEFINES_MODULE = YES;
				DYLIB_COMPATIBILITY_VERSION = 1;
				DYLIB_CURRENT_VERSION = 1;
				DYLIB_INSTALL_NAME_BASE = "@rpath";
				GCC_PREFIX_HEADER = "Target Support Files/FBSnapshotTestCase/FBSnapshotTestCase-prefix.pch";
				INFOPLIST_FILE = "Target Support Files/FBSnapshotTestCase/FBSnapshotTestCase-Info.plist";
				INSTALL_PATH = "$(LOCAL_LIBRARY_DIR)/Frameworks";
				IPHONEOS_DEPLOYMENT_TARGET = 8.0;
				LD_RUNPATH_SEARCH_PATHS = "$(inherited) @executable_path/Frameworks @loader_path/Frameworks";
				MODULEMAP_FILE = "Target Support Files/FBSnapshotTestCase/FBSnapshotTestCase.modulemap";
				PRODUCT_MODULE_NAME = FBSnapshotTestCase;
				PRODUCT_NAME = FBSnapshotTestCase;
				SDKROOT = iphoneos;
				SKIP_INSTALL = YES;
				SWIFT_ACTIVE_COMPILATION_CONDITIONS = "$(inherited) ";
				SWIFT_VERSION = 4.0;
				TARGETED_DEVICE_FAMILY = "1,2";
				VALIDATE_PRODUCT = YES;
				VERSIONING_SYSTEM = "apple-generic";
				VERSION_INFO_PREFIX = "";
			};
			name = Release;
		};
		1EF42C4A8C22DE5E50FB51A53338E2E3 /* Debug */ = {
			isa = XCBuildConfiguration;
			baseConfigurationReference = 71CE6D8996AFFC3A6EC8F7C2A2F328A6 /* Pods-BenedicteSDK_Example.debug.xcconfig */;
			buildSettings = {
				ALWAYS_EMBED_SWIFT_STANDARD_LIBRARIES = NO;
				CLANG_ENABLE_OBJC_WEAK = NO;
				"CODE_SIGN_IDENTITY[sdk=appletvos*]" = "";
				"CODE_SIGN_IDENTITY[sdk=iphoneos*]" = "";
				"CODE_SIGN_IDENTITY[sdk=watchos*]" = "";
				CURRENT_PROJECT_VERSION = 1;
				DEFINES_MODULE = YES;
				DYLIB_COMPATIBILITY_VERSION = 1;
				DYLIB_CURRENT_VERSION = 1;
				DYLIB_INSTALL_NAME_BASE = "@rpath";
				INFOPLIST_FILE = "Target Support Files/Pods-BenedicteSDK_Example/Pods-BenedicteSDK_Example-Info.plist";
				INSTALL_PATH = "$(LOCAL_LIBRARY_DIR)/Frameworks";
				IPHONEOS_DEPLOYMENT_TARGET = 10.0;
				LD_RUNPATH_SEARCH_PATHS = "$(inherited) @executable_path/Frameworks @loader_path/Frameworks";
				MACH_O_TYPE = staticlib;
				MODULEMAP_FILE = "Target Support Files/Pods-BenedicteSDK_Example/Pods-BenedicteSDK_Example.modulemap";
				OTHER_LDFLAGS = "";
				OTHER_LIBTOOLFLAGS = "";
				PODS_ROOT = "$(SRCROOT)";
				PRODUCT_BUNDLE_IDENTIFIER = "org.cocoapods.${PRODUCT_NAME:rfc1034identifier}";
				PRODUCT_NAME = "$(TARGET_NAME:c99extidentifier)";
				SDKROOT = iphoneos;
				SKIP_INSTALL = YES;
				TARGETED_DEVICE_FAMILY = "1,2";
				VERSIONING_SYSTEM = "apple-generic";
				VERSION_INFO_PREFIX = "";
			};
			name = Debug;
		};
		7EE7A78859F657F6BEFC651185B43192 /* Release */ = {
			isa = XCBuildConfiguration;
			buildSettings = {
				ALWAYS_SEARCH_USER_PATHS = NO;
				CLANG_ANALYZER_LOCALIZABILITY_NONLOCALIZED = YES;
				CLANG_ANALYZER_NONNULL = YES;
				CLANG_ANALYZER_NUMBER_OBJECT_CONVERSION = YES_AGGRESSIVE;
				CLANG_CXX_LANGUAGE_STANDARD = "gnu++14";
				CLANG_CXX_LIBRARY = "libc++";
				CLANG_ENABLE_MODULES = YES;
				CLANG_ENABLE_OBJC_ARC = YES;
				CLANG_ENABLE_OBJC_WEAK = YES;
				CLANG_WARN_BLOCK_CAPTURE_AUTORELEASING = YES;
				CLANG_WARN_BOOL_CONVERSION = YES;
				CLANG_WARN_COMMA = YES;
				CLANG_WARN_CONSTANT_CONVERSION = YES;
				CLANG_WARN_DEPRECATED_OBJC_IMPLEMENTATIONS = YES;
				CLANG_WARN_DIRECT_OBJC_ISA_USAGE = YES_ERROR;
				CLANG_WARN_DOCUMENTATION_COMMENTS = YES;
				CLANG_WARN_EMPTY_BODY = YES;
				CLANG_WARN_ENUM_CONVERSION = YES;
				CLANG_WARN_INFINITE_RECURSION = YES;
				CLANG_WARN_INT_CONVERSION = YES;
				CLANG_WARN_NON_LITERAL_NULL_CONVERSION = YES;
				CLANG_WARN_OBJC_IMPLICIT_RETAIN_SELF = YES;
				CLANG_WARN_OBJC_LITERAL_CONVERSION = YES;
				CLANG_WARN_OBJC_ROOT_CLASS = YES_ERROR;
				CLANG_WARN_QUOTED_INCLUDE_IN_FRAMEWORK_HEADER = YES;
				CLANG_WARN_RANGE_LOOP_ANALYSIS = YES;
				CLANG_WARN_STRICT_PROTOTYPES = YES;
				CLANG_WARN_SUSPICIOUS_MOVE = YES;
				CLANG_WARN_UNGUARDED_AVAILABILITY = YES_AGGRESSIVE;
				CLANG_WARN_UNREACHABLE_CODE = YES;
				CLANG_WARN__DUPLICATE_METHOD_MATCH = YES;
				COPY_PHASE_STRIP = NO;
				DEBUG_INFORMATION_FORMAT = "dwarf-with-dsym";
				ENABLE_NS_ASSERTIONS = NO;
				ENABLE_STRICT_OBJC_MSGSEND = YES;
				GCC_C_LANGUAGE_STANDARD = gnu11;
				GCC_NO_COMMON_BLOCKS = YES;
				GCC_PREPROCESSOR_DEFINITIONS = (
					"POD_CONFIGURATION_RELEASE=1",
					"$(inherited)",
				);
				GCC_WARN_64_TO_32_BIT_CONVERSION = YES;
				GCC_WARN_ABOUT_RETURN_TYPE = YES_ERROR;
				GCC_WARN_UNDECLARED_SELECTOR = YES;
				GCC_WARN_UNINITIALIZED_AUTOS = YES_AGGRESSIVE;
				GCC_WARN_UNUSED_FUNCTION = YES;
				GCC_WARN_UNUSED_VARIABLE = YES;
				IPHONEOS_DEPLOYMENT_TARGET = 10.0;
				MTL_ENABLE_DEBUG_INFO = NO;
				MTL_FAST_MATH = YES;
				PRODUCT_NAME = "$(TARGET_NAME)";
				STRIP_INSTALLED_PRODUCT = NO;
				SWIFT_OPTIMIZATION_LEVEL = "-Owholemodule";
				SWIFT_VERSION = 5.0;
				SYMROOT = "${SRCROOT}/../build";
			};
			name = Release;
		};
		842C60C4F1EBC85F9C8FF97D39D120FF /* Debug */ = {
			isa = XCBuildConfiguration;
			baseConfigurationReference = 9468E867498BBAF36F9AFFE4845F8B09 /* FBSnapshotTestCase.debug.xcconfig */;
			buildSettings = {
				"CODE_SIGN_IDENTITY[sdk=appletvos*]" = "";
				"CODE_SIGN_IDENTITY[sdk=iphoneos*]" = "";
				"CODE_SIGN_IDENTITY[sdk=watchos*]" = "";
				CURRENT_PROJECT_VERSION = 1;
				DEFINES_MODULE = YES;
				DYLIB_COMPATIBILITY_VERSION = 1;
				DYLIB_CURRENT_VERSION = 1;
				DYLIB_INSTALL_NAME_BASE = "@rpath";
				GCC_PREFIX_HEADER = "Target Support Files/FBSnapshotTestCase/FBSnapshotTestCase-prefix.pch";
				INFOPLIST_FILE = "Target Support Files/FBSnapshotTestCase/FBSnapshotTestCase-Info.plist";
				INSTALL_PATH = "$(LOCAL_LIBRARY_DIR)/Frameworks";
				IPHONEOS_DEPLOYMENT_TARGET = 8.0;
				LD_RUNPATH_SEARCH_PATHS = "$(inherited) @executable_path/Frameworks @loader_path/Frameworks";
				MODULEMAP_FILE = "Target Support Files/FBSnapshotTestCase/FBSnapshotTestCase.modulemap";
				PRODUCT_MODULE_NAME = FBSnapshotTestCase;
				PRODUCT_NAME = FBSnapshotTestCase;
				SDKROOT = iphoneos;
				SKIP_INSTALL = YES;
				SWIFT_ACTIVE_COMPILATION_CONDITIONS = "$(inherited) ";
				SWIFT_VERSION = 4.0;
				TARGETED_DEVICE_FAMILY = "1,2";
				VERSIONING_SYSTEM = "apple-generic";
				VERSION_INFO_PREFIX = "";
			};
			name = Debug;
		};
		910B0A347A4C1A09A19685FDF59D16D5 /* Release */ = {
			isa = XCBuildConfiguration;
			baseConfigurationReference = F4A670CC6DFEE5CAE05F33BFF6C65261 /* Pods-BenedicteSDK_Tests.release.xcconfig */;
			buildSettings = {
				ALWAYS_EMBED_SWIFT_STANDARD_LIBRARIES = NO;
				CLANG_ENABLE_OBJC_WEAK = NO;
				"CODE_SIGN_IDENTITY[sdk=appletvos*]" = "";
				"CODE_SIGN_IDENTITY[sdk=iphoneos*]" = "";
				"CODE_SIGN_IDENTITY[sdk=watchos*]" = "";
				CURRENT_PROJECT_VERSION = 1;
				DEFINES_MODULE = YES;
				DYLIB_COMPATIBILITY_VERSION = 1;
				DYLIB_CURRENT_VERSION = 1;
				DYLIB_INSTALL_NAME_BASE = "@rpath";
				INFOPLIST_FILE = "Target Support Files/Pods-BenedicteSDK_Tests/Pods-BenedicteSDK_Tests-Info.plist";
				INSTALL_PATH = "$(LOCAL_LIBRARY_DIR)/Frameworks";
				IPHONEOS_DEPLOYMENT_TARGET = 10.0;
				LD_RUNPATH_SEARCH_PATHS = "$(inherited) @executable_path/Frameworks @loader_path/Frameworks";
				MACH_O_TYPE = staticlib;
				MODULEMAP_FILE = "Target Support Files/Pods-BenedicteSDK_Tests/Pods-BenedicteSDK_Tests.modulemap";
				OTHER_LDFLAGS = "";
				OTHER_LIBTOOLFLAGS = "";
				PODS_ROOT = "$(SRCROOT)";
				PRODUCT_BUNDLE_IDENTIFIER = "org.cocoapods.${PRODUCT_NAME:rfc1034identifier}";
				PRODUCT_NAME = "$(TARGET_NAME:c99extidentifier)";
				SDKROOT = iphoneos;
				SKIP_INSTALL = YES;
				TARGETED_DEVICE_FAMILY = "1,2";
				VALIDATE_PRODUCT = YES;
				VERSIONING_SYSTEM = "apple-generic";
				VERSION_INFO_PREFIX = "";
			};
			name = Release;
		};
		98004F9A5978F0E04C27E413EE48898C /* Release */ = {
			isa = XCBuildConfiguration;
			baseConfigurationReference = FBA435A862F0B1CDB0A42644BBF5D0AC /* BenedicteSDK.release.xcconfig */;
			buildSettings = {
				CLANG_ENABLE_OBJC_WEAK = NO;
				"CODE_SIGN_IDENTITY[sdk=appletvos*]" = "";
				"CODE_SIGN_IDENTITY[sdk=iphoneos*]" = "";
				"CODE_SIGN_IDENTITY[sdk=watchos*]" = "";
				CURRENT_PROJECT_VERSION = 1;
				DEFINES_MODULE = YES;
				DYLIB_COMPATIBILITY_VERSION = 1;
				DYLIB_CURRENT_VERSION = 1;
				DYLIB_INSTALL_NAME_BASE = "@rpath";
				GCC_PREFIX_HEADER = "Target Support Files/BenedicteSDK/BenedicteSDK-prefix.pch";
				INFOPLIST_FILE = "Target Support Files/BenedicteSDK/BenedicteSDK-Info.plist";
				INSTALL_PATH = "$(LOCAL_LIBRARY_DIR)/Frameworks";
				IPHONEOS_DEPLOYMENT_TARGET = 10.0;
				LD_RUNPATH_SEARCH_PATHS = "$(inherited) @executable_path/Frameworks @loader_path/Frameworks";
				MODULEMAP_FILE = "Target Support Files/BenedicteSDK/BenedicteSDK.modulemap";
				PRODUCT_MODULE_NAME = BenedicteSDK;
				PRODUCT_NAME = BenedicteSDK;
				SDKROOT = iphoneos;
				SKIP_INSTALL = YES;
				SWIFT_ACTIVE_COMPILATION_CONDITIONS = "$(inherited) ";
				SWIFT_VERSION = 4.0;
				TARGETED_DEVICE_FAMILY = "1,2";
				VALIDATE_PRODUCT = YES;
				VERSIONING_SYSTEM = "apple-generic";
				VERSION_INFO_PREFIX = "";
			};
			name = Release;
		};
		9E46426C032C060B39A65037C7C7C063 /* Release */ = {
			isa = XCBuildConfiguration;
			baseConfigurationReference = 80C7A9F95B8E1F894BC6F140651D0C4B /* Pods-BenedicteSDK_Example.release.xcconfig */;
			buildSettings = {
				ALWAYS_EMBED_SWIFT_STANDARD_LIBRARIES = NO;
				CLANG_ENABLE_OBJC_WEAK = NO;
				"CODE_SIGN_IDENTITY[sdk=appletvos*]" = "";
				"CODE_SIGN_IDENTITY[sdk=iphoneos*]" = "";
				"CODE_SIGN_IDENTITY[sdk=watchos*]" = "";
				CURRENT_PROJECT_VERSION = 1;
				DEFINES_MODULE = YES;
				DYLIB_COMPATIBILITY_VERSION = 1;
				DYLIB_CURRENT_VERSION = 1;
				DYLIB_INSTALL_NAME_BASE = "@rpath";
				INFOPLIST_FILE = "Target Support Files/Pods-BenedicteSDK_Example/Pods-BenedicteSDK_Example-Info.plist";
				INSTALL_PATH = "$(LOCAL_LIBRARY_DIR)/Frameworks";
				IPHONEOS_DEPLOYMENT_TARGET = 10.0;
				LD_RUNPATH_SEARCH_PATHS = "$(inherited) @executable_path/Frameworks @loader_path/Frameworks";
				MACH_O_TYPE = staticlib;
				MODULEMAP_FILE = "Target Support Files/Pods-BenedicteSDK_Example/Pods-BenedicteSDK_Example.modulemap";
				OTHER_LDFLAGS = "";
				OTHER_LIBTOOLFLAGS = "";
				PODS_ROOT = "$(SRCROOT)";
				PRODUCT_BUNDLE_IDENTIFIER = "org.cocoapods.${PRODUCT_NAME:rfc1034identifier}";
				PRODUCT_NAME = "$(TARGET_NAME:c99extidentifier)";
				SDKROOT = iphoneos;
				SKIP_INSTALL = YES;
				TARGETED_DEVICE_FAMILY = "1,2";
				VALIDATE_PRODUCT = YES;
				VERSIONING_SYSTEM = "apple-generic";
				VERSION_INFO_PREFIX = "";
			};
			name = Release;
		};
		D299434AB35E7FD6F7921C8EF24742FF /* Debug */ = {
			isa = XCBuildConfiguration;
			buildSettings = {
				ALWAYS_SEARCH_USER_PATHS = NO;
				CLANG_ANALYZER_LOCALIZABILITY_NONLOCALIZED = YES;
				CLANG_ANALYZER_NONNULL = YES;
				CLANG_ANALYZER_NUMBER_OBJECT_CONVERSION = YES_AGGRESSIVE;
				CLANG_CXX_LANGUAGE_STANDARD = "gnu++14";
				CLANG_CXX_LIBRARY = "libc++";
				CLANG_ENABLE_MODULES = YES;
				CLANG_ENABLE_OBJC_ARC = YES;
				CLANG_ENABLE_OBJC_WEAK = YES;
				CLANG_WARN_BLOCK_CAPTURE_AUTORELEASING = YES;
				CLANG_WARN_BOOL_CONVERSION = YES;
				CLANG_WARN_COMMA = YES;
				CLANG_WARN_CONSTANT_CONVERSION = YES;
				CLANG_WARN_DEPRECATED_OBJC_IMPLEMENTATIONS = YES;
				CLANG_WARN_DIRECT_OBJC_ISA_USAGE = YES_ERROR;
				CLANG_WARN_DOCUMENTATION_COMMENTS = YES;
				CLANG_WARN_EMPTY_BODY = YES;
				CLANG_WARN_ENUM_CONVERSION = YES;
				CLANG_WARN_INFINITE_RECURSION = YES;
				CLANG_WARN_INT_CONVERSION = YES;
				CLANG_WARN_NON_LITERAL_NULL_CONVERSION = YES;
				CLANG_WARN_OBJC_IMPLICIT_RETAIN_SELF = YES;
				CLANG_WARN_OBJC_LITERAL_CONVERSION = YES;
				CLANG_WARN_OBJC_ROOT_CLASS = YES_ERROR;
				CLANG_WARN_QUOTED_INCLUDE_IN_FRAMEWORK_HEADER = YES;
				CLANG_WARN_RANGE_LOOP_ANALYSIS = YES;
				CLANG_WARN_STRICT_PROTOTYPES = YES;
				CLANG_WARN_SUSPICIOUS_MOVE = YES;
				CLANG_WARN_UNGUARDED_AVAILABILITY = YES_AGGRESSIVE;
				CLANG_WARN_UNREACHABLE_CODE = YES;
				CLANG_WARN__DUPLICATE_METHOD_MATCH = YES;
				COPY_PHASE_STRIP = NO;
				DEBUG_INFORMATION_FORMAT = dwarf;
				ENABLE_STRICT_OBJC_MSGSEND = YES;
				ENABLE_TESTABILITY = YES;
				GCC_C_LANGUAGE_STANDARD = gnu11;
				GCC_DYNAMIC_NO_PIC = NO;
				GCC_NO_COMMON_BLOCKS = YES;
				GCC_OPTIMIZATION_LEVEL = 0;
				GCC_PREPROCESSOR_DEFINITIONS = (
					"POD_CONFIGURATION_DEBUG=1",
					"DEBUG=1",
					"$(inherited)",
				);
				GCC_WARN_64_TO_32_BIT_CONVERSION = YES;
				GCC_WARN_ABOUT_RETURN_TYPE = YES_ERROR;
				GCC_WARN_UNDECLARED_SELECTOR = YES;
				GCC_WARN_UNINITIALIZED_AUTOS = YES_AGGRESSIVE;
				GCC_WARN_UNUSED_FUNCTION = YES;
				GCC_WARN_UNUSED_VARIABLE = YES;
				IPHONEOS_DEPLOYMENT_TARGET = 10.0;
				MTL_ENABLE_DEBUG_INFO = INCLUDE_SOURCE;
				MTL_FAST_MATH = YES;
				ONLY_ACTIVE_ARCH = YES;
				PRODUCT_NAME = "$(TARGET_NAME)";
				STRIP_INSTALLED_PRODUCT = NO;
				SWIFT_ACTIVE_COMPILATION_CONDITIONS = DEBUG;
				SWIFT_OPTIMIZATION_LEVEL = "-Onone";
				SWIFT_VERSION = 5.0;
				SYMROOT = "${SRCROOT}/../build";
			};
			name = Debug;
		};
		E208539C32B8C62E0705EF2BD75D7BB4 /* Debug */ = {
			isa = XCBuildConfiguration;
			baseConfigurationReference = 77D42D689326BD4A77E2E6D19F6F053A /* Pods-BenedicteSDK_Tests.debug.xcconfig */;
			buildSettings = {
				ALWAYS_EMBED_SWIFT_STANDARD_LIBRARIES = NO;
				CLANG_ENABLE_OBJC_WEAK = NO;
				"CODE_SIGN_IDENTITY[sdk=appletvos*]" = "";
				"CODE_SIGN_IDENTITY[sdk=iphoneos*]" = "";
				"CODE_SIGN_IDENTITY[sdk=watchos*]" = "";
				CURRENT_PROJECT_VERSION = 1;
				DEFINES_MODULE = YES;
				DYLIB_COMPATIBILITY_VERSION = 1;
				DYLIB_CURRENT_VERSION = 1;
				DYLIB_INSTALL_NAME_BASE = "@rpath";
				INFOPLIST_FILE = "Target Support Files/Pods-BenedicteSDK_Tests/Pods-BenedicteSDK_Tests-Info.plist";
				INSTALL_PATH = "$(LOCAL_LIBRARY_DIR)/Frameworks";
				IPHONEOS_DEPLOYMENT_TARGET = 10.0;
				LD_RUNPATH_SEARCH_PATHS = "$(inherited) @executable_path/Frameworks @loader_path/Frameworks";
				MACH_O_TYPE = staticlib;
				MODULEMAP_FILE = "Target Support Files/Pods-BenedicteSDK_Tests/Pods-BenedicteSDK_Tests.modulemap";
				OTHER_LDFLAGS = "";
				OTHER_LIBTOOLFLAGS = "";
				PODS_ROOT = "$(SRCROOT)";
				PRODUCT_BUNDLE_IDENTIFIER = "org.cocoapods.${PRODUCT_NAME:rfc1034identifier}";
				PRODUCT_NAME = "$(TARGET_NAME:c99extidentifier)";
				SDKROOT = iphoneos;
				SKIP_INSTALL = YES;
				TARGETED_DEVICE_FAMILY = "1,2";
				VERSIONING_SYSTEM = "apple-generic";
				VERSION_INFO_PREFIX = "";
			};
			name = Debug;
		};
		FCE0932AA3321A3886F409F4B30D0C29 /* Debug */ = {
			isa = XCBuildConfiguration;
			baseConfigurationReference = E202731A0184F3581CAB76DFCA41CFA7 /* BenedicteSDK.debug.xcconfig */;
			buildSettings = {
				CLANG_ENABLE_OBJC_WEAK = NO;
				"CODE_SIGN_IDENTITY[sdk=appletvos*]" = "";
				"CODE_SIGN_IDENTITY[sdk=iphoneos*]" = "";
				"CODE_SIGN_IDENTITY[sdk=watchos*]" = "";
				CURRENT_PROJECT_VERSION = 1;
				DEFINES_MODULE = YES;
				DYLIB_COMPATIBILITY_VERSION = 1;
				DYLIB_CURRENT_VERSION = 1;
				DYLIB_INSTALL_NAME_BASE = "@rpath";
				GCC_PREFIX_HEADER = "Target Support Files/BenedicteSDK/BenedicteSDK-prefix.pch";
				INFOPLIST_FILE = "Target Support Files/BenedicteSDK/BenedicteSDK-Info.plist";
				INSTALL_PATH = "$(LOCAL_LIBRARY_DIR)/Frameworks";
				IPHONEOS_DEPLOYMENT_TARGET = 10.0;
				LD_RUNPATH_SEARCH_PATHS = "$(inherited) @executable_path/Frameworks @loader_path/Frameworks";
				MODULEMAP_FILE = "Target Support Files/BenedicteSDK/BenedicteSDK.modulemap";
				PRODUCT_MODULE_NAME = BenedicteSDK;
				PRODUCT_NAME = BenedicteSDK;
				SDKROOT = iphoneos;
				SKIP_INSTALL = YES;
				SWIFT_ACTIVE_COMPILATION_CONDITIONS = "$(inherited) ";
				SWIFT_VERSION = 4.0;
				TARGETED_DEVICE_FAMILY = "1,2";
				VERSIONING_SYSTEM = "apple-generic";
				VERSION_INFO_PREFIX = "";
			};
			name = Debug;
		};
/* End XCBuildConfiguration section */

/* Begin XCConfigurationList section */
		28DAA9880679133EC375B7072B9AEABB /* Build configuration list for PBXNativeTarget "FBSnapshotTestCase" */ = {
			isa = XCConfigurationList;
			buildConfigurations = (
				842C60C4F1EBC85F9C8FF97D39D120FF /* Debug */,
				0CF977E736A9F0297ED689DCD07C3E1C /* Release */,
			);
			defaultConfigurationIsVisible = 0;
			defaultConfigurationName = Release;
		};
		4821239608C13582E20E6DA73FD5F1F9 /* Build configuration list for PBXProject "Pods" */ = {
			isa = XCConfigurationList;
			buildConfigurations = (
				D299434AB35E7FD6F7921C8EF24742FF /* Debug */,
				7EE7A78859F657F6BEFC651185B43192 /* Release */,
			);
			defaultConfigurationIsVisible = 0;
			defaultConfigurationName = Release;
		};
		55370A10FCE89EF357B0976C6E8CE358 /* Build configuration list for PBXNativeTarget "BenedicteSDK" */ = {
			isa = XCConfigurationList;
			buildConfigurations = (
				FCE0932AA3321A3886F409F4B30D0C29 /* Debug */,
				98004F9A5978F0E04C27E413EE48898C /* Release */,
			);
			defaultConfigurationIsVisible = 0;
			defaultConfigurationName = Release;
		};
		C3F8785BA5B2CE9169420415C607D735 /* Build configuration list for PBXNativeTarget "Pods-BenedicteSDK_Tests" */ = {
			isa = XCConfigurationList;
			buildConfigurations = (
				E208539C32B8C62E0705EF2BD75D7BB4 /* Debug */,
				910B0A347A4C1A09A19685FDF59D16D5 /* Release */,
			);
			defaultConfigurationIsVisible = 0;
			defaultConfigurationName = Release;
		};
		CBCCA65916209D457A4069185DC6FF08 /* Build configuration list for PBXNativeTarget "Pods-BenedicteSDK_Example" */ = {
			isa = XCConfigurationList;
			buildConfigurations = (
				1EF42C4A8C22DE5E50FB51A53338E2E3 /* Debug */,
				9E46426C032C060B39A65037C7C7C063 /* Release */,
			);
			defaultConfigurationIsVisible = 0;
			defaultConfigurationName = Release;
		};
/* End XCConfigurationList section */
	};
	rootObject = BFDFE7DC352907FC980B868725387E98 /* Project object */;
}
